{
  "version": 4,
  "terraform_version": "1.0.5",
  "serial": 9,
  "lineage": "4ba47e6d-09de-c9eb-daac-173cfbc44e54",
  "outputs": {
    "external_ip_address_worker": {
      "value": "178.154.224.155",
      "type": "string"
    },
    "internal_ip_address_worker": {
      "value": "192.168.10.28",
      "type": "string"
    }
  },
  "resources": [
    {
      "mode": "managed",
      "type": "local_file",
      "name": "inventory",
      "provider": "provider[\"registry.terraform.io/hashicorp/local\"]",
      "instances": [
        {
          "schema_version": 0,
          "attributes": {
            "content": "[worker]\n178.154.224.155\n",
            "content_base64": null,
            "directory_permission": "0777",
            "file_permission": "0777",
            "filename": "../ansible/inventory.ini",
            "id": "3095e492d3286f99e58eb1208e9a296094638eba",
            "sensitive_content": null,
            "source": null
          },
          "sensitive_attributes": [],
          "private": "bnVsbA==",
          "dependencies": [
            "yandex_compute_instance.worker",
            "yandex_vpc_subnet.this"
          ]
        }
      ]
    },
    {
      "mode": "managed",
      "type": "yandex_compute_instance",
      "name": "worker",
      "provider": "provider[\"registry.terraform.io/yandex-cloud/yandex\"]",
      "instances": [
        {
          "schema_version": 1,
          "attributes": {
            "allow_stopping_for_update": null,
            "boot_disk": [
              {
                "auto_delete": true,
                "device_name": "fhmbr9k5gpm1vfl544ei",
                "disk_id": "fhmbr9k5gpm1vfl544ei",
                "initialize_params": [
                  {
                    "description": "",
                    "image_id": "fd87uq4tagjupcnm376a",
                    "name": "",
                    "size": 20,
                    "snapshot_id": "",
                    "type": "network-hdd"
                  }
                ],
                "mode": "READ_WRITE"
              }
            ],
            "created_at": "2021-09-11T09:05:33Z",
            "description": "",
            "folder_id": "b1gisomnek0akgfaq3bm",
            "fqdn": "fhmd320l78aqar2gibsc.auto.internal",
            "hostname": "fhmd320l78aqar2gibsc",
            "id": "fhmd320l78aqar2gibsc",
            "labels": null,
            "metadata": {
              "user-data": "#cloud-config\nusers:\n  - name: meo\n    groups: sudo\n    shell: /bin/bash\n    sudo: ['ALL=(ALL) NOPASSWD:ALL']\n    ssh-authorized-keys:\n      - ssh-rsa AAAAB3NzaC1yc2EAAAABJQAAAIEA0LNDP5puO4AvixlnuxUjmIDDn/Ym5hOqWk3Gu7viWualWcfXIPRxV3RiLMPGFYroFkTJiNchScOscojSxN4UZmwdDrgnbKjjK1RGR7RT0cxM23UjqjUjDWAIcdT//DLuluFqFbiddXhZSrx8pcal4rKarDwIumP0d/tRI4kJe8M= jkl@kurosu"
            },
            "name": "worker",
            "network_acceleration_type": "standard",
            "network_interface": [
              {
                "dns_record": [],
                "index": 0,
                "ip_address": "192.168.10.28",
                "ipv4": true,
                "ipv6": false,
                "ipv6_address": "",
                "ipv6_dns_record": [],
                "mac_address": "d0:0d:d1:88:15:3a",
                "nat": true,
                "nat_dns_record": [],
                "nat_ip_address": "178.154.224.155",
                "nat_ip_version": "IPV4",
                "security_group_ids": [],
                "subnet_id": "e9bc5eht55cq5135goh4"
              }
            ],
            "placement_policy": [
              {
                "placement_group_id": ""
              }
            ],
            "platform_id": "standard-v1",
            "resources": [
              {
                "core_fraction": 5,
                "cores": 2,
                "gpus": 0,
                "memory": 2
              }
            ],
            "scheduling_policy": [
              {
                "preemptible": false
              }
            ],
            "secondary_disk": [],
            "service_account_id": "",
            "status": "running",
            "timeouts": null,
            "zone": "ru-central1-a"
          },
          "sensitive_attributes": [],
          "private": "eyJlMmJmYjczMC1lY2FhLTExZTYtOGY4OC0zNDM2M2JjN2M0YzAiOnsiY3JlYXRlIjozMDAwMDAwMDAwMDAsImRlbGV0ZSI6MzAwMDAwMDAwMDAwLCJ1cGRhdGUiOjMwMDAwMDAwMDAwMH0sInNjaGVtYV92ZXJzaW9uIjoiMSJ9",
          "dependencies": [
            "yandex_vpc_subnet.this"
          ]
        }
      ]
    },
    {
      "mode": "managed",
      "type": "yandex_vpc_subnet",
      "name": "this",
      "provider": "provider[\"registry.terraform.io/yandex-cloud/yandex\"]",
      "instances": [
        {
          "schema_version": 0,
          "attributes": {
            "created_at": "2021-09-11T09:05:32Z",
            "description": "",
            "dhcp_options": [],
            "folder_id": "b1gisomnek0akgfaq3bm",
            "id": "e9bc5eht55cq5135goh4",
            "labels": null,
            "name": "sf-proekt-9",
            "network_id": "enp1rcsgq9dhq3btkgj1",
            "route_table_id": "",
            "timeouts": null,
            "v4_cidr_blocks": [
              "192.168.10.0/24"
            ],
            "v6_cidr_blocks": [],
            "zone": "ru-central1-a"
          },
          "sensitive_attributes": [],
          "private": "eyJlMmJmYjczMC1lY2FhLTExZTYtOGY4OC0zNDM2M2JjN2M0YzAiOnsiY3JlYXRlIjoxODAwMDAwMDAwMDAsImRlbGV0ZSI6MTgwMDAwMDAwMDAwLCJ1cGRhdGUiOjE4MDAwMDAwMDAwMH19"
        }
      ]
    }
  ]
}
